
Microsoft Visual Studio Solution File, Format Version 12.00
# Visual Studio Version 16
VisualStudioVersion = 16.0.31410.357
MinimumVisualStudioVersion = 10.0.40219.1
Project("{FAE04EC0-301F-11D3-BF4B-00C04F79EFBC}") = "Assignment1CalcOriginal", "Assignment1CalcOriginal\Assignment1CalcOriginal.csproj", "{038A7639-7354-4EAE-BF05-166BF5D4D7D6}"
EndProject
Global
	GlobalSection(SolutionConfigurationPlatforms) = preSolution
		Debug|Any CPU = Debug|Any CPU
		Release|Any CPU = Release|Any CPU
	EndGlobalSection
	GlobalSection(ProjectConfigurationPlatforms) = postSolution
		{038A7639-7354-4EAE-BF05-166BF5D4D7D6}.Debug|Any CPU.ActiveCfg = Debug|Any CPU
		{038A7639-7354-4EAE-BF05-166BF5D4D7D6}.Debug|Any CPU.Build.0 = Debug|Any CPU
		{038A7639-7354-4EAE-BF05-166BF5D4D7D6}.Release|Any CPU.ActiveCfg = Release|Any CPU
		{038A7639-7354-4EAE-BF05-166BF5D4D7D6}.Release|Any CPU.Build.0 = Release|Any CPU
	EndGlobalSection
	GlobalSection(SolutionProperties) = preSolution
		HideSolutionNode = FALSE
	EndGlobalSection
	GlobalSection(ExtensibilityGlobals) = postSolution
		SolutionGuid = {6F3554FD-5E87-4678-A6C2-ACABCF08A3DE}
	EndGlobalSection
EndGlobal
